version = 1
revision = 3
requires-python = ">=3.10"

[[package]]
name = "basedpyright"
version = "1.39.3"
source = { registry = "https://pypi.org/simple" }
dependencies = [
    { name = "nodejs-wheel-binaries" },
]
sdist = { url = "https://files.pythonhosted.org/packages/04/19/5a5b9b9197973da732638957be3a65cf514d2f5a4964eeedbf33b6c65bbd/basedpyright-1.39.3.tar.gz", hash = "sha256:2f794e6b5f4260fb89f614ca6cd23c6f305373bb6b50c4ed7794ff2ae647fb14", size = 25503187, upload-time = "2026-04-20T22:14:47.424Z" }
wheels = [
    { url = "https://files.pythonhosted.org/packages/54/5c/f950c1239ad26f3bb453e665428a2cf1893995de725a5eb0b64a2520b366/basedpyright-1.39.3-py3-none-any.whl", hash = "sha256:aba760dc83307727554f936d6b4381caa14482f30dbc2173167710e217c1f7ab", size = 12419181, upload-time = "2026-04-20T22:14:51.975Z" },
]

[[package]]
name = "colorama"
version = "0.4.6"
source = { registry = "https://pypi.org/simple" }
sdist = { url = "https://files.pythonhosted.org/packages/d8/53/6f443c9a4a8358a93a6792e2acffb9d9d5cb0a5cfd8802644b7b1c9a02e4/colorama-0.4.6.tar.gz", hash = "sha256:08695f5cb7ed6e0531a20572697297273c47b8cae5a63ffc6d6ed5c201be6e44", size = 27697, upload-time = "2022-10-25T02:36:22.414Z" }
wheels = [
    { url = "https://files.pythonhosted.org/packages/d1/d6/3965ed04c63042e047cb6a3e6ed1a63a35087b6a609aa3a15ed8ac56c221/colorama-0.4.6-py2.py3-none-any.whl", hash = "sha256:4f1d9991f5acc0ca119f9d443620b77f9d6b33703e51011c16baf57afb285fc6", size = 25335, upload-time = "2022-10-25T02:36:20.889Z" },
]

[[package]]
name = "editdistance"
version = "0.8.1"
source = { registry = "https://pypi.org/simple" }
sdist = { url = "https://files.pythonhosted.org/packages/d5/18/9f4f975ca87a390832b1c22478f3702fcdf739f83211e24d054b7551270d/editdistance-0.8.1.tar.gz", hash = "sha256:d1cdf80a5d5014b0c9126a69a42ce55a457b457f6986ff69ca98e4fe4d2d8fed", size = 50006, upload-time = "2024-02-10T07:44:53.914Z" }
wheels = [
    { url = "https://files.pythonhosted.org/packages/09/c9/302658ce7f4c537a4e85cf578d11bbf7af120a712e1d78fedc6cb8823c65/editdistance-0.8.1-cp310-cp310-macosx_10_9_universal2.whl", hash = "sha256:adeb705f32b93accc74960d227875abff150ee42d676e428536361fe5f8f5388", size = 106150, upload-time = "2024-02-10T07:43:15.903Z" },
    { url = "https://files.pythonhosted.org/packages/45/80/0b3c7d2c0e183725986fea5dd2df11f0b4b46320e9a64f6077a121ab1f64/editdistance-0.8.1-cp310-cp310-macosx_10_9_x86_64.whl", hash = "sha256:3de77951b105d0972deec7684a0b3d1a9dee69c9b5d34f6e2acc0d76cd4a1c52", size = 80551, upload-time = "2024-02-10T07:43:17.64Z" },
    { url = "https://files.pythonhosted.org/packages/b5/14/681460965c6a4a48321b07f88de2273d097fdca0491ff55db891aacbd291/editdistance-0.8.1-cp310-cp310-macosx_11_0_arm64.whl", hash = "sha256:5e88efb052d45e924606c305cb833a80579dca3e8e4ff01309d50ba2c1c0bbd5", size = 79142, upload-time = "2024-02-10T07:43:19.195Z" },
    { url = "https://files.pythonhosted.org/packages/ed/0d/abdbc8e394a9461cf2ae27c16564fadaa65f52bd242dd1582ae5e7736dc3/editdistance-0.8.1-cp310-cp310-manylinux_2_17_aarch64.manylinux2014_aarch64.whl", hash = "sha256:0247e7a1e9c66ea75211a97e725366bff19a52aac2c838ed5f90025630e976dd", size = 396768, upload-time = "2024-02-10T07:43:20.912Z" },
    { url = "https://files.pythonhosted.org/packages/c2/fb/2940d26ebda12efd280ae939436f17ac482930d862df9e774cb8b771ab03/editdistance-0.8.1-cp310-cp310-manylinux_2_17_x86_64.manylinux2014_x86_64.whl", hash = "sha256:67d143429a49ab552411505f550a0fb4285a1d4336e096804d233ec495ac20fc", size = 401846, upload-time = "2024-02-10T07:43:23.169Z" },
    { url = "https://files.pythonhosted.org/packages/53/cc/c63d75c7f387d4df0645682c1ab8706c2dfe5c9c0c4999723ce9a3ba0853/editdistance-0.8.1-cp310-cp310-manylinux_2_5_i686.manylinux1_i686.manylinux_2_17_i686.manylinux2014_i686.whl", hash = "sha256:ca9d3be2b10e5d44a950a4bd1e84bca9ebbecd364bce0cf5693bf8224c78eaef", size = 397543, upload-time = "2024-02-10T07:43:24.621Z" },
    { url = "https://files.pythonhosted.org/packages/8e/38/bb0f734a7571e093184606b930734b12da5b6bff2635eba9312fe4536dd9/editdistance-0.8.1-cp310-cp310-musllinux_1_1_aarch64.whl", hash = "sha256:5c72aa1df8535f2e2b3d8773a1a7da091bc1a7e52bb396e7e48d375ba687e7b2", size = 898934, upload-time = "2024-02-10T07:43:26.926Z" },
    { url = "https://files.pythonhosted.org/packages/1c/9f/624fc7a09918f850a057465f02e86f269e139a457f48ff8cabfb12701756/editdistance-0.8.1-cp310-cp310-musllinux_1_1_i686.whl", hash = "sha256:9a606c34a2a6cc190e4fffc856b36333cdcf1f1fab5b22bd3088e585c22d6ca0", size = 959637, upload-time = "2024-02-10T07:43:28.997Z" },
    { url = "https://files.pythonhosted.org/packages/5e/5c/7fa6cc277f91c477ee370807d51c1826891dc6dfc307544223ce7f2687de/editdistance-0.8.1-cp310-cp310-musllinux_1_1_x86_64.whl", hash = "sha256:5af173d442ffac33b7c7990132f97f88818a3abf4b21c0c702a7022df37c0c5c", size = 911024, upload-time = "2024-02-10T07:43:30.449Z" },
    { url = "https://files.pythonhosted.org/packages/ad/97/556215f71184291155aee340a6d34f0676e7238fdfd10615b6b775ce25fe/editdistance-0.8.1-cp310-cp310-win32.whl", hash = "sha256:fd64b58f5a7b59afd9d75982aaeeacd2a98498bf472fa0360c122ffe6ea4c871", size = 80834, upload-time = "2024-02-10T07:43:31.634Z" },
    { url = "https://files.pythonhosted.org/packages/c8/d1/7ec5f5cbb95838d0eff7f980a660c81acd1363d658f2f5d4ceba38877c5a/editdistance-0.8.1-cp310-cp310-win_amd64.whl", hash = "sha256:6c7c62c3cae45ca1fa01bb2722b297b9de1e3a244ac44cfba88bdcb488fe6aee", size = 79614, upload-time = "2024-02-10T07:43:33.255Z" },
    { url = "https://files.pythonhosted.org/packages/e2/dc/d0c29fd52d8f9e795653ed2b838a2a48c739cdfff04ac5b79c6c0ecbdf79/editdistance-0.8.1-cp311-cp311-macosx_10_9_universal2.whl", hash = "sha256:486105603a273d73d12a54f347dffa70ab281749d7c3879658b377bc49e4b98c", size = 106079, upload-time = "2024-02-10T07:43:34.34Z" },
    { url = "https://files.pythonhosted.org/packages/b4/c6/75fa45d7b78fbea6fd894f4e48895a75bd3c83d4a9a6b57673881d74d3e0/editdistance-0.8.1-cp311-cp311-macosx_10_9_x86_64.whl", hash = "sha256:fad081f5f86a175c1a09a4e9e45b95c9349e454c21e181e842e01c85f1f536fc", size = 80580, upload-time = "2024-02-10T07:43:35.947Z" },
    { url = "https://files.pythonhosted.org/packages/b7/a3/058d823b6285c3511dc94ed80620c3fb0c18b4aaa708f70ba71f3af28436/editdistance-0.8.1-cp311-cp311-macosx_11_0_arm64.whl", hash = "sha256:8cb78e125f6759398885a775f5eed07c2bb72b2f86da43e674c6b6a3335b273b", size = 79087, upload-time = "2024-02-10T07:43:36.923Z" },
    { url = "https://files.pythonhosted.org/packages/a0/3a/0b13c7864c93b1e9b9952bd2a33c5ef3c4fd1bf70a5fad6924789e70e5eb/editdistance-0.8.1-cp311-cp311-manylinux_2_17_aarch64.manylinux2014_aarch64.whl", hash = "sha256:3778ca60aa89def9144b70e330bcec5330c7da1d69cb28c612e90b84510a1d3d", size = 409296, upload-time = "2024-02-10T07:43:38.52Z" },
    { url = "https://files.pythonhosted.org/packages/96/8a/db0fd79e8ddb9b5f86f274107c5d0a27ec4f2af88877df1f26c2c6d150cc/editdistance-0.8.1-cp311-cp311-manylinux_2_17_x86_64.manylinux2014_x86_64.whl", hash = "sha256:fba945eaa0436cf40bc53d7e299dc537c7c71353379a095b7459ff4af910da33", size = 412913, upload-time = "2024-02-10T07:43:39.852Z" },
    { url = "https://files.pythonhosted.org/packages/0d/d2/98be7112750ff17b436dd76f988f1e38570dcec0df8578ee19ef046f22fe/editdistance-0.8.1-cp311-cp311-manylinux_2_5_i686.manylinux1_i686.manylinux_2_17_i686.manylinux2014_i686.whl", hash = "sha256:877f2a0d801f32bc1a1878901ffb947b974361e849c66e314a7f1d786a446b58", size = 407430, upload-time = "2024-02-10T07:43:41.048Z" },
    { url = "https://files.pythonhosted.org/packages/03/62/1815e3bf164910c47ba1948c8b5e937a40c7f9763b64e98fb6666b01dd06/editdistance-0.8.1-cp311-cp311-musllinux_1_1_aarch64.whl", hash = "sha256:e79d351ca40a6ead5f3763253fd7521572ee0d3e5d42538630e56d10f48db481", size = 909217, upload-time = "2024-02-10T07:43:42.916Z" },
    { url = "https://files.pythonhosted.org/packages/0c/d3/a832cea7b507a9be54e4ac3d1340fb66dca5f9c16c70bf38d5039e8fdede/editdistance-0.8.1-cp311-cp311-musllinux_1_1_i686.whl", hash = "sha256:70ed382b3052a51161bad0149d4665003bf3b949fce0b01bf1253a4cc1a88239", size = 969407, upload-time = "2024-02-10T07:43:44.912Z" },
    { url = "https://files.pythonhosted.org/packages/a3/b4/db291d2a3845cbf8047b4b5aad3b3e038a8a2994d87027b40e1a1b0f4b74/editdistance-0.8.1-cp311-cp311-musllinux_1_1_x86_64.whl", hash = "sha256:a529bfb384c4000775d76739c4e64f73337f0f5a3784933b1321b577a62bed4e", size = 922112, upload-time = "2024-02-10T07:43:47.047Z" },
    { url = "https://files.pythonhosted.org/packages/c4/26/7ddeacada4982d0b892a28897e21871d0f25bca165e3663e37c3a272808a/editdistance-0.8.1-cp311-cp311-win32.whl", hash = "sha256:b082232429e731f181af7f7d2bcf79da6ca8fadd04e9086c11e2973f7d330c81", size = 80799, upload-time = "2024-02-10T07:43:48.231Z" },
    { url = "https://files.pythonhosted.org/packages/52/a1/778af8590b8b12f03f62eacc3c8744407ade9e3d69be6dabe38d0afbf2dd/editdistance-0.8.1-cp311-cp311-win_amd64.whl", hash = "sha256:cef1a4359252a49f2c4718e64e9d40027d9d951b289d045bdb278656e59f6af8", size = 79698, upload-time = "2024-02-10T07:43:49.234Z" },
    { url = "https://files.pythonhosted.org/packages/cb/4c/7f195588949b4e72436dc7fc902632381f96e586af829685b56daebb38b8/editdistance-0.8.1-cp312-cp312-macosx_10_9_universal2.whl", hash = "sha256:b04af61b3fcdd287a07c15b6ae3b02af01c5e3e9c3aca76b8c1d13bd266b6f57", size = 106723, upload-time = "2024-02-10T07:43:50.268Z" },
    { url = "https://files.pythonhosted.org/packages/8d/82/31dc1640d830cd7d36865098329f34e4dad3b77f31cfb9404b347e700196/editdistance-0.8.1-cp312-cp312-macosx_10_9_x86_64.whl", hash = "sha256:18fc8b6eaae01bfd9cf999af726c1e8dcf667d120e81aa7dbd515bea7427f62f", size = 80998, upload-time = "2024-02-10T07:43:51.259Z" },
    { url = "https://files.pythonhosted.org/packages/ea/2a/6b823e71cef694d6f070a1d82be2842706fa193541aab8856a8f42044cd0/editdistance-0.8.1-cp312-cp312-macosx_11_0_arm64.whl", hash = "sha256:6a87839450a5987028738d061ffa5ef6a68bac2ddc68c9147a8aae9806629c7f", size = 79248, upload-time = "2024-02-10T07:43:52.873Z" },
    { url = "https://files.pythonhosted.org/packages/e1/31/bfb8e590f922089dc3471ed7828a6da2fc9453eba38c332efa9ee8749fd7/editdistance-0.8.1-cp312-cp312-manylinux_2_17_aarch64.manylinux2014_aarch64.whl", hash = "sha256:24b5f9c9673c823d91b5973d0af8b39f883f414a55ade2b9d097138acd10f31e", size = 415262, upload-time = "2024-02-10T07:43:54.498Z" },
    { url = "https://files.pythonhosted.org/packages/a9/c7/57423942b2f847cdbbb46494568d00cd8a45500904ea026f0aad6ca01bc7/editdistance-0.8.1-cp312-cp312-manylinux_2_17_x86_64.manylinux2014_x86_64.whl", hash = "sha256:c59248eabfad603f0fba47b0c263d5dc728fb01c2b6b50fb6ca187cec547fdb3", size = 418905, upload-time = "2024-02-10T07:43:55.779Z" },
    { url = "https://files.pythonhosted.org/packages/1b/05/dfa4cdcce063596cbf0d7a32c46cd0f4fa70980311b7da64d35f33ad02a0/editdistance-0.8.1-cp312-cp312-manylinux_2_5_i686.manylinux1_i686.manylinux_2_17_i686.manylinux2014_i686.whl", hash = "sha256:84e239d88ff52821cf64023fabd06a1d9a07654f364b64bf1284577fd3a79d0e", size = 412511, upload-time = "2024-02-10T07:43:57.567Z" },
    { url = "https://files.pythonhosted.org/packages/0e/14/39608ff724a9523f187c4e28926d78bc68f2798f74777ac6757981108345/editdistance-0.8.1-cp312-cp312-musllinux_1_1_aarch64.whl", hash = "sha256:2f7f71698f83e8c83839ac0d876a0f4ef996c86c5460aebd26d85568d4afd0db", size = 917293, upload-time = "2024-02-10T07:43:59.559Z" },
    { url = "https://files.pythonhosted.org/packages/df/92/4a1c61d72da40dedfd0ff950fdc71ae83f478330c58a8bccfd776518bd67/editdistance-0.8.1-cp312-cp312-musllinux_1_1_i686.whl", hash = "sha256:04e229d6f4ce0c12abc9f4cd4023a5b5fa9620226e0207b119c3c2778b036250", size = 975580, upload-time = "2024-02-10T07:44:01.328Z" },
    { url = "https://files.pythonhosted.org/packages/47/3d/9877566e724c8a37f2228a84ec5cbf66dbfd0673515baf68a0fe07caff40/editdistance-0.8.1-cp312-cp312-musllinux_1_1_x86_64.whl", hash = "sha256:e16721636da6d6b68a2c09eaced35a94f4a4a704ec09f45756d4fd5e128ed18d", size = 929121, upload-time = "2024-02-10T07:44:02.764Z" },
    { url = "https://files.pythonhosted.org/packages/d2/f5/8c50757d198b8ca30ddb91e8b8f0247a8dca04ff2ec30755245f0ab1ff0c/editdistance-0.8.1-cp312-cp312-win32.whl", hash = "sha256:87533cf2ebc3777088d991947274cd7e1014b9c861a8aa65257bcdc0ee492526", size = 81039, upload-time = "2024-02-10T07:44:04.134Z" },
    { url = "https://files.pythonhosted.org/packages/28/f0/65101e51dc7c850e7b7581a5d8fa8721a1d7479a0dca6c08386328e19882/editdistance-0.8.1-cp312-cp312-win_amd64.whl", hash = "sha256:09f01ed51746d90178af7dd7ea4ebb41497ef19f53c7f327e864421743dffb0a", size = 79853, upload-time = "2024-02-10T07:44:05.687Z" },
    { url = "https://files.pythonhosted.org/packages/d4/4c/c9d02eeb47815d35f8d324b52f6704ea7beb032bcb209358cac44047d413/editdistance-0.8.1-pp310-pypy310_pp73-macosx_10_9_x86_64.whl", hash = "sha256:a4a90c6b03094c07358572027a8d0a13cca7450b1aa6caca98a5f1fa4f0b8961", size = 76455, upload-time = "2024-02-10T07:44:36.838Z" },
    { url = "https://files.pythonhosted.org/packages/af/b0/2818fa6a24595dac069b0bfb9d05658406779a1ded8fd2b0c9066396cf99/editdistance-0.8.1-pp310-pypy310_pp73-manylinux_2_17_aarch64.manylinux2014_aarch64.whl", hash = "sha256:510a4f9ced348a4fd89ae2e102357d4d801a771e29bb2bc2f130a1692193407f", size = 84104, upload-time = "2024-02-10T07:44:37.928Z" },
    { url = "https://files.pythonhosted.org/packages/1f/d1/3d5e09bcf7fdb7aed705bf74047a8634bd2b8fd92177c25a2547e6dbadfb/editdistance-0.8.1-pp310-pypy310_pp73-manylinux_2_5_i686.manylinux1_i686.manylinux_2_17_i686.manylinux2014_i686.whl", hash = "sha256:4787fa7228ba6a34b430066d174320f011d605015baa7299c2c4911e6ea6bd46", size = 89058, upload-time = "2024-02-10T07:44:39.113Z" },
    { url = "https://files.pythonhosted.org/packages/cd/88/fca5d7b1a1edf66ce1e5b6b60bff75842e6814b4f5facbdf4585d88c912d/editdistance-0.8.1-pp310-pypy310_pp73-manylinux_2_5_x86_64.manylinux1_x86_64.manylinux_2_17_x86_64.manylinux2014_x86_64.whl", hash = "sha256:ee02601375073afccd6b4d811129ce1cb696d47db734784d8dbd1fddcea75447", size = 84635, upload-time = "2024-02-10T07:44:40.714Z" },
    { url = "https://files.pythonhosted.org/packages/a9/91/0e6285bbe2358d81fd16313d30306b2d0036387348f7bc11d8c076ca3c72/editdistance-0.8.1-pp310-pypy310_pp73-win_amd64.whl", hash = "sha256:bc7ad9f9a20e6f351523de77c59249f005242e3f317b5de45d02c378d24f6531", size = 77389, upload-time = "2024-02-10T07:44:41.725Z" },
]

[[package]]
name = "editdistpy"
version = "0.3.0"
source = { editable = "." }

[package.dev-dependencies]
dev = [
    { name = "basedpyright" },
    { name = "editdistance" },
    { name = "maturin" },
    { name = "pytest" },
    { name = "ruff" },
]

[package.metadata]

[package.metadata.requires-dev]
dev = [
    { name = "basedpyright", specifier = "==1.39.3" },
    { name = "editdistance", specifier = "==0.8.1" },
    { name = "maturin", specifier = "==1.13.3" },
    { name = "pytest", specifier = "==9.1.1" },
    { name = "ruff", specifier = "==0.15.12" },
]

[[package]]
name = "exceptiongroup"
version = "1.3.1"
source = { registry = "https://pypi.org/simple" }
dependencies = [
    { name = "typing-extensions", marker = "python_full_version < '3.13'" },
]
sdist = { url = "https://files.pythonhosted.org/packages/50/79/66800aadf48771f6b62f7eb014e352e5d06856655206165d775e675a02c9/exceptiongroup-1.3.1.tar.gz", hash = "sha256:8b412432c6055b0b7d14c310000ae93352ed6754f70fa8f7c34141f91c4e3219", size = 30371, upload-time = "2025-11-21T23:01:54.787Z" }
wheels = [
    { url = "https://files.pythonhosted.org/packages/8a/0e/97c33bf5009bdbac74fd2beace167cab3f978feb69cc36f1ef79360d6c4e/exceptiongroup-1.3.1-py3-none-any.whl", hash = "sha256:a7a39a3bd276781e98394987d3a5701d0c4edffb633bb7a5144577f82c773598", size = 16740, upload-time = "2025-11-21T23:01:53.443Z" },
]

[[package]]
name = "iniconfig"
version = "2.3.0"
source = { registry = "https://pypi.org/simple" }
sdist = { url = "https://files.pythonhosted.org/packages/72/34/14ca021ce8e5dfedc35312d08ba8bf51fdd999c576889fc2c24cb97f4f10/iniconfig-2.3.0.tar.gz", hash = "sha256:c76315c77db068650d49c5b56314774a7804df16fee4402c1f19d6d15d8c4730", size = 20503, upload-time = "2025-10-18T21:55:43.219Z" }
wheels = [
    { url = "https://files.pythonhosted.org/packages/cb/b1/3846dd7f199d53cb17f49cba7e651e9ce294d8497c8c150530ed11865bb8/iniconfig-2.3.0-py3-none-any.whl", hash = "sha256:f631c04d2c48c52b84d0d0549c99ff3859c98df65b3101406327ecc7d53fbf12", size = 7484, upload-time = "2025-10-18T21:55:41.639Z" },
]

[[package]]
name = "maturin"
version = "1.13.3"
source = { registry = "https://pypi.org/simple" }
dependencies = [
    { name = "tomli", marker = "python_full_version < '3.11'" },
]
sdist = { url = "https://files.pythonhosted.org/packages/9c/1c/612d23d33ec21b9ae7ece7b3f0dd5f9dfd57b4009e9d2938165869ebd6ae/maturin-1.13.3.tar.gz", hash = "sha256:771e1e9e71a278e56db01552e0d1acfd1464259f9575b6e72842f893cd299079", size = 357934, upload-time = "2026-05-11T07:43:39.027Z" }
wheels = [
    { url = "https://files.pythonhosted.org/packages/71/66/18c2aaac0b2a5dea9f1db5984ce83b905ad205cfc7c02d0091e707c0c2e7/maturin-1.13.3-py3-none-linux_armv6l.whl", hash = "sha256:3cc13929ca82aefa4adbf0f2c35419369796213c6fb0eb24e914945f50ef5d8c", size = 10190971, upload-time = "2026-05-11T07:43:10.431Z" },
    { url = "https://files.pythonhosted.org/packages/bc/71/26a988d092e4fd6a9523d46d44400a46cad7cdf3fd206ce702240c748aee/maturin-1.13.3-py3-none-macosx_10_12_x86_64.macosx_11_0_arm64.macosx_10_12_universal2.whl", hash = "sha256:53b08bd075649ce96513ad9abf241a43cb685ed6e9e7790f8dbc2d66e95d8323", size = 19716714, upload-time = "2026-05-11T07:43:36.911Z" },
    { url = "https://files.pythonhosted.org/packages/82/5c/f3fd0e184255d9fc7e272c62af3dfa84c617b2577ef83af9ce615f5279cc/maturin-1.13.3-py3-none-macosx_10_12_x86_64.whl", hash = "sha256:4cd478e6e4c56251e48ed079b8efd55b30bc5c09cf695a1bdafaeb582ee735a0", size = 10194726, upload-time = "2026-05-11T07:43:07.05Z" },
    { url = "https://files.pythonhosted.org/packages/a9/e1/f4edb69fb647b77c4769a9bfd4d6fb62961e653d164bc277ecdffac3ab61/maturin-1.13.3-py3-none-manylinux_2_12_i686.manylinux2010_i686.musllinux_1_1_i686.whl", hash = "sha256:a2675e25f313034ae6f57388cf14818f87d8961c4a96795287f3e155f59beb11", size = 10172781, upload-time = "2026-05-11T07:43:40.796Z" },
    { url = "https://files.pythonhosted.org/packages/c7/7d/a1be934690cdcc3c6609769ceaad322ab7501c2ee5bafcac1b14d609e403/maturin-1.13.3-py3-none-manylinux_2_12_x86_64.manylinux2010_x86_64.musllinux_1_1_x86_64.whl", hash = "sha256:4667ef609ab446c1b5e0bfe4f9fb99699ab6d8548433f8d1a684256e0b67217f", size = 10682670, upload-time = "2026-05-11T07:43:13.132Z" },
    { url = "https://files.pythonhosted.org/packages/18/f5/372ae19b72ce8f6e37e5864ae4dc5b252ee9fce0619ccc3aa366aa3a7f97/maturin-1.13.3-py3-none-manylinux_2_17_aarch64.manylinux2014_aarch64.musllinux_1_1_aarch64.whl", hash = "sha256:3db93337ed97e60ffc878aa8b493cd7ae44d3a5e1a37256db3a4491f57565018", size = 10060363, upload-time = "2026-05-11T07:43:21.107Z" },
    { url = "https://files.pythonhosted.org/packages/cb/5b/c68340cca09368af0df80965dfabed4234205a492a93da00793c7b9aae20/maturin-1.13.3-py3-none-manylinux_2_17_armv7l.manylinux2014_armv7l.musllinux_1_1_armv7l.whl", hash = "sha256:1cc0a110b224ca90406b668a3e3c1f5a515062e59e26292f6dbaf5fd4909c6f3", size = 10017551, upload-time = "2026-05-11T07:43:33.916Z" },
    { url = "https://files.pythonhosted.org/packages/28/1e/f90fb2b000bad9e6d850cd5afb88b2f1e2a279cfb4de02ea40078484690e/maturin-1.13.3-py3-none-manylinux_2_17_ppc64le.manylinux2014_ppc64le.musllinux_1_1_ppc64le.whl", hash = "sha256:c00ea6428dea17bf616fe93770837634454b28c2de1a876e42ef8036c616079a", size = 13301712, upload-time = "2026-05-11T07:43:26.492Z" },
    { url = "https://files.pythonhosted.org/packages/be/58/1670f68a8f04ccd7b90df11047bd9a046585310e84e1967cc9849cd1c5a3/maturin-1.13.3-py3-none-manylinux_2_17_s390x.manylinux2014_s390x.whl", hash = "sha256:49fd6ab08da28098ccf37afca24cdba72376ba9c1eedf9dd25ff82ed771961ff", size = 10946765, upload-time = "2026-05-11T07:43:16.135Z" },
    { url = "https://files.pythonhosted.org/packages/4b/ac/00c955c2ef134817b1a7bdaa76b0309e9c5291eb17d9ff88069eecd08bc2/maturin-1.13.3-py3-none-manylinux_2_31_riscv64.musllinux_1_1_riscv64.whl", hash = "sha256:b6741d7bf4af97da937528fd1e523c6ab54f53d9a21870fa735d6e67fd88e273", size = 10388661, upload-time = "2026-05-11T07:43:18.727Z" },
    { url = "https://files.pythonhosted.org/packages/97/c6/cbf8a51dde19c19aeba0d9b075095a2effb9b31fd312b1aae3ac79f8aea2/maturin-1.13.3-py3-none-win32.whl", hash = "sha256:0ef257e692cc756c87af5bea95ddfe7d3ac49d3376a7a87f728d63f06e7b6f8b", size = 8901838, upload-time = "2026-05-11T07:43:23.76Z" },
    { url = "https://files.pythonhosted.org/packages/a1/ff/c6a50a59dc8313097d43ac5f4d74df6a500c8cb62b0dc9e054f53e203a48/maturin-1.13.3-py3-none-win_amd64.whl", hash = "sha256:def4a435ea9d2ee93b18ba579dc8c9cf898889a66f312cd379b5e374ec3e3ad6", size = 10340801, upload-time = "2026-05-11T07:43:29.239Z" },
    { url = "https://files.pythonhosted.org/packages/6c/93/e32e79333f0902ba292b996f504f5f06be59587f7d02ab8d5ed1e3066445/maturin-1.13.3-py3-none-win_arm64.whl", hash = "sha256:2389fe92d017cea9d94e521fa0175314a4c52f79a1057b901fbc9f8686ef7d0b", size = 9706562, upload-time = "2026-05-11T07:43:31.743Z" },
]

[[package]]
name = "nodejs-wheel-binaries"
version = "24.16.0"
source = { registry = "https://pypi.org/simple" }
sdist = { url = "https://files.pythonhosted.org/packages/a3/22/2a5beb4e21417c73233d9f65cf6f3e96e891b80d2f550a8f630ebc6b88c6/nodejs_wheel_binaries-24.16.0.tar.gz", hash = "sha256:c973cb69dc5fd16e6f6dc6e579e2c3d5534e2a1f57619dddf5ba070efa7dde37", size = 8056, upload-time = "2026-05-30T16:52:09.807Z" }
wheels = [
    { url = "https://files.pythonhosted.org/packages/83/d1/68b43b53cd0fa83ae6fd406705023ca988d9e0ca41c724d82e66fbeb2ef6/nodejs_wheel_binaries-24.16.0-py2.py3-none-macosx_13_0_arm64.whl", hash = "sha256:d9f8f677dcf30e37ac244f07869726abe043f01eb0f45722b1df31cc2af7093c", size = 55666374, upload-time = "2026-05-30T16:51:39.588Z" },
    { url = "https://files.pythonhosted.org/packages/e9/b2/40a989159599080da485de966c4c2d207e852ac7aa7864702626d96c8bf5/nodejs_wheel_binaries-24.16.0-py2.py3-none-macosx_13_0_x86_64.whl", hash = "sha256:3d0370fe7120ce9697a4f60d40480d2bd8808d9f30131458d5afc0040d4e5a51", size = 55838487, upload-time = "2026-05-30T16:51:43.383Z" },
    { url = "https://files.pythonhosted.org/packages/d7/a7/cd42174fb5ff6faff7fa8d326a18914d8f232098ab5de055b57c16fa13ca/nodejs_wheel_binaries-24.16.0-py2.py3-none-manylinux_2_28_aarch64.whl", hash = "sha256:85dc92bbb79c851569c5925dcc2a4c915a034efab375f99e4e7e6bbe9cca8342", size = 60179540, upload-time = "2026-05-30T16:51:47.036Z" },
    { url = "https://files.pythonhosted.org/packages/2b/95/c8a1f9ae140aa28df8744d984d01d4b3af7cdd6555af12127f40ceb45a7d/nodejs_wheel_binaries-24.16.0-py2.py3-none-manylinux_2_28_x86_64.whl", hash = "sha256:2f3036292811514ba847b3708492644764f88a833ac425c5f55007014308ddfd", size = 60716262, upload-time = "2026-05-30T16:51:50.711Z" },
    { url = "https://files.pythonhosted.org/packages/64/c9/7c35b3737f59e36d0249c265397b7bff570519b95301d6e16ea361e904ad/nodejs_wheel_binaries-24.16.0-py2.py3-none-musllinux_1_2_aarch64.whl", hash = "sha256:db8a8a76ebd2b28ecbfc9ad464baa3707241b9e050a30e2efdf6f60c0f886502", size = 62230592, upload-time = "2026-05-30T16:51:55Z" },
    { url = "https://files.pythonhosted.org/packages/04/96/d931255cf9d11a84d6b54d882dba7434646467d568ccf070ea3418638df3/nodejs_wheel_binaries-24.16.0-py2.py3-none-musllinux_1_2_x86_64.whl", hash = "sha256:f1a3d8f7b4491cbbd023ba3fc4e901fcca2d9fb80d57f24ba3890de8b1dbac03", size = 62841759, upload-time = "2026-05-30T16:51:59.407Z" },
    { url = "https://files.pythonhosted.org/packages/a2/7b/8b7a3f41bc255411be30b6d7d288aab8ffd9ea2055db8555ced3548007b9/nodejs_wheel_binaries-24.16.0-py2.py3-none-win_amd64.whl", hash = "sha256:bb136be9944f0662dcf1120f45193a6b75b13fac378971a95cc42c9f879a81aa", size = 42027734, upload-time = "2026-05-30T16:52:03.348Z" },
    { url = "https://files.pythonhosted.org/packages/17/66/1ed71f1f529b8ca727d42c7ceb9db0bef145ce4a13dfc86fb50aa44f3be6/nodejs_wheel_binaries-24.16.0-py2.py3-none-win_arm64.whl", hash = "sha256:8308940b5edd0a50dc5267ea36ba21c9f668e83fe0d9f293937174d3a7e31c36", size = 39714528, upload-time = "2026-05-30T16:52:06.421Z" },
]

[[package]]
name = "packaging"
version = "26.2"
source = { registry = "https://pypi.org/simple" }
sdist = { url = "https://files.pythonhosted.org/packages/d7/f1/e7a6dd94a8d4a5626c03e4e99c87f241ba9e350cd9e6d75123f992427270/packaging-26.2.tar.gz", hash = "sha256:ff452ff5a3e828ce110190feff1178bb1f2ea2281fa2075aadb987c2fb221661", size = 228134, upload-time = "2026-04-24T20:15:23.917Z" }
wheels = [
    { url = "https://files.pythonhosted.org/packages/df/b2/87e62e8c3e2f4b32e5fe99e0b86d576da1312593b39f47d8ceef365e95ed/packaging-26.2-py3-none-any.whl", hash = "sha256:5fc45236b9446107ff2415ce77c807cee2862cb6fac22b8a73826d0693b0980e", size = 100195, upload-time = "2026-04-24T20:15:22.081Z" },
]

[[package]]
name = "pluggy"
version = "1.6.0"
source = { registry = "https://pypi.org/simple" }
sdist = { url = "https://files.pythonhosted.org/packages/f9/e2/3e91f31a7d2b083fe6ef3fa267035b518369d9511ffab804f839851d2779/pluggy-1.6.0.tar.gz", hash = "sha256:7dcc130b76258d33b90f61b658791dede3486c3e6bfb003ee5c9bfb396dd22f3", size = 69412, upload-time = "2025-05-15T12:30:07.975Z" }
wheels = [
    { url = "https://files.pythonhosted.org/packages/54/20/4d324d65cc6d9205fabedc306948156824eb9f0ee1633355a8f7ec5c66bf/pluggy-1.6.0-py3-none-any.whl", hash = "sha256:e920276dd6813095e9377c0bc5566d94c932c33b27a3e3945d8389c374dd4746", size = 20538, upload-time = "2025-05-15T12:30:06.134Z" },
]

[[package]]
name = "pygments"
version = "2.20.0"
source = { registry = "https://pypi.org/simple" }
sdist = { url = "https://files.pythonhosted.org/packages/c3/b2/bc9c9196916376152d655522fdcebac55e66de6603a76a02bca1b6414f6c/pygments-2.20.0.tar.gz", hash = "sha256:6757cd03768053ff99f3039c1a36d6c0aa0b263438fcab17520b30a303a82b5f", size = 4955991, upload-time = "2026-03-29T13:29:33.898Z" }
wheels = [
    { url = "https://files.pythonhosted.org/packages/f4/7e/a72dd26f3b0f4f2bf1dd8923c85f7ceb43172af56d63c7383eb62b332364/pygments-2.20.0-py3-none-any.whl", hash = "sha256:81a9e26dd42fd28a23a2d169d86d7ac03b46e2f8b59ed4698fb4785f946d0176", size = 1231151, upload-time = "2026-03-29T13:29:30.038Z" },
]

[[package]]
name = "pytest"
version = "9.1.1"
source = { registry = "https://pypi.org/simple" }
dependencies = [
    { name = "colorama", marker = "sys_platform == 'win32'" },
    { name = "exceptiongroup", marker = "python_full_version < '3.11'" },
    { name = "iniconfig" },
    { name = "packaging" },
    { name = "pluggy" },
    { name = "pygments" },
    { name = "tomli", marker = "python_full_version < '3.11'" },
]
sdist = { url = "https://files.pythonhosted.org/packages/e4/47/b9efed96c114afcfa3c9d3fe98a76a1d14c74a9e266d397cf6eb64be5e01/pytest-9.1.1.tar.gz", hash = "sha256:1088fbde8f2b49d95a549a195707afa7a76a3ce9bcadc26b6d71f0ffda5fe313", size = 1636369, upload-time = "2026-06-19T10:58:32.857Z" }
wheels = [
    { url = "https://files.pythonhosted.org/packages/24/25/1de2678b631f5a49215c6c96fff41ba892b0a34df68d6d80292b1b48aa7f/pytest-9.1.1-py3-none-any.whl", hash = "sha256:37a86b45efb9a47a61a36449063e8e18d0cab3161329fc099eb21783169c4f0c", size = 386536, upload-time = "2026-06-19T10:58:31.347Z" },
]

[[package]]
name = "ruff"
version = "0.15.12"
source = { registry = "https://pypi.org/simple" }
sdist = { url = "https://files.pythonhosted.org/packages/99/43/3291f1cc9106f4c63bdce7a8d0df5047fe8422a75b091c16b5e9355e0b11/ruff-0.15.12.tar.gz", hash = "sha256:ecea26adb26b4232c0c2ca19ccbc0083a68344180bba2a600605538ce51a40a6", size = 4643852, upload-time = "2026-04-24T18:17:14.305Z" }
wheels = [
    { url = "https://files.pythonhosted.org/packages/c3/6e/e78ffb61d4686f3d96ba3df2c801161843746dcbcbb17a1e927d4829312b/ruff-0.15.12-py3-none-linux_armv6l.whl", hash = "sha256:f86f176e188e94d6bdbc09f09bfd9dc729059ad93d0e7390b5a73efe19f8861c", size = 10640713, upload-time = "2026-04-24T18:17:22.841Z" },
    { url = "https://files.pythonhosted.org/packages/ae/08/a317bc231fb9e7b93e4ef3089501e51922ff88d6936ce5cf870c4fe55419/ruff-0.15.12-py3-none-macosx_10_12_x86_64.whl", hash = "sha256:e3bcd123364c3770b8e1b7baaf343cc99a35f197c5c6e8af79015c666c423a6c", size = 11069267, upload-time = "2026-04-24T18:17:30.105Z" },
    { url = "https://files.pythonhosted.org/packages/aa/a4/f828e9718d3dce1f5f11c39c4f65afd32783c8b2aebb2e3d259e492c47bd/ruff-0.15.12-py3-none-macosx_11_0_arm64.whl", hash = "sha256:fe87510d000220aa1ed530d4448a7c696a0cae1213e5ec30e5874287b66557b5", size = 10397182, upload-time = "2026-04-24T18:17:07.177Z" },
    { url = "https://files.pythonhosted.org/packages/71/e0/3310fc6d1b5e1fdea22bf3b1b807c7e187b581021b0d7d4514cccdb5fb71/ruff-0.15.12-py3-none-manylinux_2_17_aarch64.manylinux2014_aarch64.whl", hash = "sha256:84a1630093121375a3e2a95b4a6dc7b59e2b4ee76216e32d81aae550a832d002", size = 10758012, upload-time = "2026-04-24T18:16:55.759Z" },
    { url = "https://files.pythonhosted.org/packages/11/c1/a606911aee04c324ddaa883ae418f3569792fd3c4a10c50e0dd0a2311e1e/ruff-0.15.12-py3-none-manylinux_2_17_armv7l.manylinux2014_armv7l.whl", hash = "sha256:fb129f40f114f089ebe0ca56c0d251cf2061b17651d464bb6478dc01e69f11f5", size = 10447479, upload-time = "2026-04-24T18:16:51.677Z" },
    { url = "https://files.pythonhosted.org/packages/9d/68/4201e8444f0894f21ab4aeeaee68aa4f10b51613514a20d80bd628d57e88/ruff-0.15.12-py3-none-manylinux_2_17_i686.manylinux2014_i686.whl", hash = "sha256:b0c862b172d695db7598426b8af465e7e9ac00a3ea2a3630ee67eb82e366aaa6", size = 11234040, upload-time = "2026-04-24T18:17:16.529Z" },
    { url = "https://files.pythonhosted.org/packages/34/ff/8a6d6cf4ccc23fd67060874e832c18919d1557a0611ebef03fdb01fff11e/ruff-0.15.12-py3-none-manylinux_2_17_ppc64le.manylinux2014_ppc64le.whl", hash = "sha256:2849ea9f3484c3aca43a82f484210370319e7170df4dfe4843395ddf6c57bc33", size = 12087377, upload-time = "2026-04-24T18:17:04.944Z" },
    { url = "https://files.pythonhosted.org/packages/85/f6/c669cf73f5152f623d34e69866a46d5e6185816b19fcd5b6dd8a2d299922/ruff-0.15.12-py3-none-manylinux_2_17_s390x.manylinux2014_s390x.whl", hash = "sha256:9e77c7e51c07fe396826d5969a5b846d9cd4c402535835fb6e21ce8b28fef847", size = 11367784, upload-time = "2026-04-24T18:17:25.409Z" },
    { url = "https://files.pythonhosted.org/packages/e8/39/c61d193b8a1daaa8977f7dea9e8d8ba866e02ea7b65d32f6861693aa4c12/ruff-0.15.12-py3-none-manylinux_2_17_x86_64.manylinux2014_x86_64.whl", hash = "sha256:83b2f4f2f3b1026b5fb449b467d9264bf22067b600f7b6f41fc5958909f449d0", size = 11344088, upload-time = "2026-04-24T18:17:12.258Z" },
    { url = "https://files.pythonhosted.org/packages/c2/8d/49afab3645e31e12c590acb6d3b5b69d7aab5b81926dbaf7461f9441f37a/ruff-0.15.12-py3-none-manylinux_2_31_riscv64.whl", hash = "sha256:9ba3b8f1afd7e2e43d8943e55f249e13f9682fde09711644a6e7290eb4f3e339", size = 11271770, upload-time = "2026-04-24T18:17:02.457Z" },
    { url = "https://files.pythonhosted.org/packages/46/06/33f41fe94403e2b755481cdfb9b7ef3e4e0ed031c4581124658d935d52b4/ruff-0.15.12-py3-none-musllinux_1_2_aarch64.whl", hash = "sha256:e852ba9fdc890655e1d78f2df1499efbe0e54126bd405362154a75e2bde159c5", size = 10719355, upload-time = "2026-04-24T18:17:27.648Z" },
    { url = "https://files.pythonhosted.org/packages/0d/59/18aa4e014debbf559670e4048e39260a85c7fcee84acfd761ac01e7b8d35/ruff-0.15.12-py3-none-musllinux_1_2_armv7l.whl", hash = "sha256:dd8aed930da53780d22fc70bdf84452c843cf64f8cb4eb38984319c24c5cd5fd", size = 10462758, upload-time = "2026-04-24T18:17:32.347Z" },
    { url = "https://files.pythonhosted.org/packages/25/e7/cc9f16fd0f3b5fddcbd7ec3d6ae30c8f3fde1047f32a4093a98d633c6570/ruff-0.15.12-py3-none-musllinux_1_2_i686.whl", hash = "sha256:01da3988d225628b709493d7dc67c3b9b12c0210016b08690ef9bd27970b262b", size = 10953498, upload-time = "2026-04-24T18:17:20.674Z" },
    { url = "https://files.pythonhosted.org/packages/72/7a/a9ba7f98c7a575978698f4230c5e8cc54bbc761af34f560818f933dafa0c/ruff-0.15.12-py3-none-musllinux_1_2_x86_64.whl", hash = "sha256:9cae0f92bd5700d1213188b31cd3bdd2b315361296d10b96b8e2337d3d11f53e", size = 11447765, upload-time = "2026-04-24T18:17:09.755Z" },
    { url = "https://files.pythonhosted.org/packages/ea/f9/0ae446942c846b8266059ad8a30702a35afae55f5cdc54c5adf8d7afdc27/ruff-0.15.12-py3-none-win32.whl", hash = "sha256:d0185894e038d7043ba8fd6aee7499ece6462dc0ea9f1e260c7451807c714c20", size = 10657277, upload-time = "2026-04-24T18:17:18.591Z" },
    { url = "https://files.pythonhosted.org/packages/33/f1/9614e03e1cdcbf9437570b5400ced8a720b5db22b28d8e0f1bda429f660d/ruff-0.15.12-py3-none-win_amd64.whl", hash = "sha256:c87a162d61ab3adca47c03f7f717c68672edec7d1b5499e652331780fe74950d", size = 11837758, upload-time = "2026-04-24T18:17:00.113Z" },
    { url = "https://files.pythonhosted.org/packages/c0/98/6beb4b351e472e5f4c4613f7c35a5290b8be2497e183825310c4c3a3984b/ruff-0.15.12-py3-none-win_arm64.whl", hash = "sha256:a538f7a82d061cee7be55542aca1d86d1393d55d81d4fcc314370f4340930d4f", size = 11120821, upload-time = "2026-04-24T18:16:57.979Z" },
]

[[package]]
name = "tomli"
version = "2.4.1"
source = { registry = "https://pypi.org/simple" }
sdist = { url = "https://files.pythonhosted.org/packages/22/de/48c59722572767841493b26183a0d1cc411d54fd759c5607c4590b6563a6/tomli-2.4.1.tar.gz", hash = "sha256:7c7e1a961a0b2f2472c1ac5b69affa0ae1132c39adcb67aba98568702b9cc23f", size = 17543, upload-time = "2026-03-25T20:22:03.828Z" }
wheels = [
    { url = "https://files.pythonhosted.org/packages/f4/11/db3d5885d8528263d8adc260bb2d28ebf1270b96e98f0e0268d32b8d9900/tomli-2.4.1-cp311-cp311-macosx_10_9_x86_64.whl", hash = "sha256:f8f0fc26ec2cc2b965b7a3b87cd19c5c6b8c5e5f436b984e85f486d652285c30", size = 154704, upload-time = "2026-03-25T20:21:10.473Z" },
    { url = "https://files.pythonhosted.org/packages/6d/f7/675db52c7e46064a9aa928885a9b20f4124ecb9bc2e1ce74c9106648d202/tomli-2.4.1-cp311-cp311-macosx_11_0_arm64.whl", hash = "sha256:4ab97e64ccda8756376892c53a72bd1f964e519c77236368527f758fbc36a53a", size = 149454, upload-time = "2026-03-25T20:21:12.036Z" },
    { url = "https://files.pythonhosted.org/packages/61/71/81c50943cf953efa35bce7646caab3cf457a7d8c030b27cfb40d7235f9ee/tomli-2.4.1-cp311-cp311-manylinux2014_aarch64.manylinux_2_17_aarch64.manylinux_2_28_aarch64.whl", hash = "sha256:96481a5786729fd470164b47cdb3e0e58062a496f455ee41b4403be77cb5a076", size = 237561, upload-time = "2026-03-25T20:21:13.098Z" },
    { url = "https://files.pythonhosted.org/packages/48/c1/f41d9cb618acccca7df82aaf682f9b49013c9397212cb9f53219e3abac37/tomli-2.4.1-cp311-cp311-manylinux2014_x86_64.manylinux_2_17_x86_64.manylinux_2_28_x86_64.whl", hash = "sha256:5a881ab208c0baf688221f8cecc5401bd291d67e38a1ac884d6736cbcd8247e9", size = 243824, upload-time = "2026-03-25T20:21:14.569Z" },
    { url = "https://files.pythonhosted.org/packages/22/e4/5a816ecdd1f8ca51fb756ef684b90f2780afc52fc67f987e3c61d800a46d/tomli-2.4.1-cp311-cp311-musllinux_1_2_aarch64.whl", hash = "sha256:47149d5bd38761ac8be13a84864bf0b7b70bc051806bc3669ab1cbc56216b23c", size = 242227, upload-time = "2026-03-25T20:21:15.712Z" },
    { url = "https://files.pythonhosted.org/packages/6b/49/2b2a0ef529aa6eec245d25f0c703e020a73955ad7edf73e7f54ddc608aa5/tomli-2.4.1-cp311-cp311-musllinux_1_2_x86_64.whl", hash = "sha256:ec9bfaf3ad2df51ace80688143a6a4ebc09a248f6ff781a9945e51937008fcbc", size = 247859, upload-time = "2026-03-25T20:21:17.001Z" },
    { url = "https://files.pythonhosted.org/packages/83/bd/6c1a630eaca337e1e78c5903104f831bda934c426f9231429396ce3c3467/tomli-2.4.1-cp311-cp311-win32.whl", hash = "sha256:ff2983983d34813c1aeb0fa89091e76c3a22889ee83ab27c5eeb45100560c049", size = 97204, upload-time = "2026-03-25T20:21:18.079Z" },
    { url = "https://files.pythonhosted.org/packages/42/59/71461df1a885647e10b6bb7802d0b8e66480c61f3f43079e0dcd315b3954/tomli-2.4.1-cp311-cp311-win_amd64.whl", hash = "sha256:5ee18d9ebdb417e384b58fe414e8d6af9f4e7a0ae761519fb50f721de398dd4e", size = 108084, upload-time = "2026-03-25T20:21:18.978Z" },
    { url = "https://files.pythonhosted.org/packages/b8/83/dceca96142499c069475b790e7913b1044c1a4337e700751f48ed723f883/tomli-2.4.1-cp311-cp311-win_arm64.whl", hash = "sha256:c2541745709bad0264b7d4705ad453b76ccd191e64aa6f0fc66b69a293a45ece", size = 95285, upload-time = "2026-03-25T20:21:20.309Z" },
    { url = "https://files.pythonhosted.org/packages/c1/ba/42f134a3fe2b370f555f44b1d72feebb94debcab01676bf918d0cb70e9aa/tomli-2.4.1-cp312-cp312-macosx_10_13_x86_64.whl", hash = "sha256:c742f741d58a28940ce01d58f0ab2ea3ced8b12402f162f4d534dfe18ba1cd6a", size = 155924, upload-time = "2026-03-25T20:21:21.626Z" },
    { url = "https://files.pythonhosted.org/packages/dc/c7/62d7a17c26487ade21c5422b646110f2162f1fcc95980ef7f63e73c68f14/tomli-2.4.1-cp312-cp312-macosx_11_0_arm64.whl", hash = "sha256:7f86fd587c4ed9dd76f318225e7d9b29cfc5a9d43de44e5754db8d1128487085", size = 150018, upload-time = "2026-03-25T20:21:23.002Z" },
    { url = "https://files.pythonhosted.org/packages/5c/05/79d13d7c15f13bdef410bdd49a6485b1c37d28968314eabee452c22a7fda/tomli-2.4.1-cp312-cp312-manylinux2014_aarch64.manylinux_2_17_aarch64.manylinux_2_28_aarch64.whl", hash = "sha256:ff18e6a727ee0ab0388507b89d1bc6a22b138d1e2fa56d1ad494586d61d2eae9", size = 244948, upload-time = "2026-03-25T20:21:24.04Z" },
    { url = "https://files.pythonhosted.org/packages/10/90/d62ce007a1c80d0b2c93e02cab211224756240884751b94ca72df8a875ca/tomli-2.4.1-cp312-cp312-manylinux2014_x86_64.manylinux_2_17_x86_64.manylinux_2_28_x86_64.whl", hash = "sha256:136443dbd7e1dee43c68ac2694fde36b2849865fa258d39bf822c10e8068eac5", size = 253341, upload-time = "2026-03-25T20:21:25.177Z" },
    { url = "https://files.pythonhosted.org/packages/1a/7e/caf6496d60152ad4ed09282c1885cca4eea150bfd007da84aea07bcc0a3e/tomli-2.4.1-cp312-cp312-musllinux_1_2_aarch64.whl", hash = "sha256:5e262d41726bc187e69af7825504c933b6794dc3fbd5945e41a79bb14c31f585", size = 248159, upload-time = "2026-03-25T20:21:26.364Z" },
    { url = "https://files.pythonhosted.org/packages/99/e7/c6f69c3120de34bbd882c6fba7975f3d7a746e9218e56ab46a1bc4b42552/tomli-2.4.1-cp312-cp312-musllinux_1_2_x86_64.whl", hash = "sha256:5cb41aa38891e073ee49d55fbc7839cfdb2bc0e600add13874d048c94aadddd1", size = 253290, upload-time = "2026-03-25T20:21:27.46Z" },
    { url = "https://files.pythonhosted.org/packages/d6/2f/4a3c322f22c5c66c4b836ec58211641a4067364f5dcdd7b974b4c5da300c/tomli-2.4.1-cp312-cp312-win32.whl", hash = "sha256:da25dc3563bff5965356133435b757a795a17b17d01dbc0f42fb32447ddfd917", size = 98141, upload-time = "2026-03-25T20:21:28.492Z" },
    { url = "https://files.pythonhosted.org/packages/24/22/4daacd05391b92c55759d55eaee21e1dfaea86ce5c571f10083360adf534/tomli-2.4.1-cp312-cp312-win_amd64.whl", hash = "sha256:52c8ef851d9a240f11a88c003eacb03c31fc1c9c4ec64a99a0f922b93874fda9", size = 108847, upload-time = "2026-03-25T20:21:29.386Z" },
    { url = "https://files.pythonhosted.org/packages/68/fd/70e768887666ddd9e9f5d85129e84910f2db2796f9096aa02b721a53098d/tomli-2.4.1-cp312-cp312-win_arm64.whl", hash = "sha256:f758f1b9299d059cc3f6546ae2af89670cb1c4d48ea29c3cacc4fe7de3058257", size = 95088, upload-time = "2026-03-25T20:21:30.677Z" },
    { url = "https://files.pythonhosted.org/packages/07/06/b823a7e818c756d9a7123ba2cda7d07bc2dd32835648d1a7b7b7a05d848d/tomli-2.4.1-cp313-cp313-macosx_10_13_x86_64.whl", hash = "sha256:36d2bd2ad5fb9eaddba5226aa02c8ec3fa4f192631e347b3ed28186d43be6b54", size = 155866, upload-time = "2026-03-25T20:21:31.65Z" },
    { url = "https://files.pythonhosted.org/packages/14/6f/12645cf7f08e1a20c7eb8c297c6f11d31c1b50f316a7e7e1e1de6e2e7b7e/tomli-2.4.1-cp313-cp313-macosx_11_0_arm64.whl", hash = "sha256:eb0dc4e38e6a1fd579e5d50369aa2e10acfc9cace504579b2faabb478e76941a", size = 149887, upload-time = "2026-03-25T20:21:33.028Z" },
    { url = "https://files.pythonhosted.org/packages/5c/e0/90637574e5e7212c09099c67ad349b04ec4d6020324539297b634a0192b0/tomli-2.4.1-cp313-cp313-manylinux2014_aarch64.manylinux_2_17_aarch64.manylinux_2_28_aarch64.whl", hash = "sha256:c7f2c7f2b9ca6bdeef8f0fa897f8e05085923eb091721675170254cbc5b02897", size = 243704, upload-time = "2026-03-25T20:21:34.51Z" },
    { url = "https://files.pythonhosted.org/packages/10/8f/d3ddb16c5a4befdf31a23307f72828686ab2096f068eaf56631e136c1fdd/tomli-2.4.1-cp313-cp313-manylinux2014_x86_64.manylinux_2_17_x86_64.manylinux_2_28_x86_64.whl", hash = "sha256:f3c6818a1a86dd6dca7ddcaaf76947d5ba31aecc28cb1b67009a5877c9a64f3f", size = 251628, upload-time = "2026-03-25T20:21:36.012Z" },
    { url = "https://files.pythonhosted.org/packages/e3/f1/dbeeb9116715abee2485bf0a12d07a8f31af94d71608c171c45f64c0469d/tomli-2.4.1-cp313-cp313-musllinux_1_2_aarch64.whl", hash = "sha256:d312ef37c91508b0ab2cee7da26ec0b3ed2f03ce12bd87a588d771ae15dcf82d", size = 247180, upload-time = "2026-03-25T20:21:37.136Z" },
    { url = "https://files.pythonhosted.org/packages/d3/74/16336ffd19ed4da28a70959f92f506233bd7cfc2332b20bdb01591e8b1d1/tomli-2.4.1-cp313-cp313-musllinux_1_2_x86_64.whl", hash = "sha256:51529d40e3ca50046d7606fa99ce3956a617f9b36380da3b7f0dd3dd28e68cb5", size = 251674, upload-time = "2026-03-25T20:21:38.298Z" },
    { url = "https://files.pythonhosted.org/packages/16/f9/229fa3434c590ddf6c0aa9af64d3af4b752540686cace29e6281e3458469/tomli-2.4.1-cp313-cp313-win32.whl", hash = "sha256:2190f2e9dd7508d2a90ded5ed369255980a1bcdd58e52f7fe24b8162bf9fedbd", size = 97976, upload-time = "2026-03-25T20:21:39.316Z" },
    { url = "https://files.pythonhosted.org/packages/6a/1e/71dfd96bcc1c775420cb8befe7a9d35f2e5b1309798f009dca17b7708c1e/tomli-2.4.1-cp313-cp313-win_amd64.whl", hash = "sha256:8d65a2fbf9d2f8352685bc1364177ee3923d6baf5e7f43ea4959d7d8bc326a36", size = 108755, upload-time = "2026-03-25T20:21:40.248Z" },
    { url = "https://files.pythonhosted.org/packages/83/7a/d34f422a021d62420b78f5c538e5b102f62bea616d1d75a13f0a88acb04a/tomli-2.4.1-cp313-cp313-win_arm64.whl", hash = "sha256:4b605484e43cdc43f0954ddae319fb75f04cc10dd80d830540060ee7cd0243cd", size = 95265, upload-time = "2026-03-25T20:21:41.219Z" },
    { url = "https://files.pythonhosted.org/packages/3c/fb/9a5c8d27dbab540869f7c1f8eb0abb3244189ce780ba9cd73f3770662072/tomli-2.4.1-cp314-cp314-macosx_10_15_x86_64.whl", hash = "sha256:fd0409a3653af6c147209d267a0e4243f0ae46b011aa978b1080359fddc9b6cf", size = 155726, upload-time = "2026-03-25T20:21:42.23Z" },
    { url = "https://files.pythonhosted.org/packages/62/05/d2f816630cc771ad836af54f5001f47a6f611d2d39535364f148b6a92d6b/tomli-2.4.1-cp314-cp314-macosx_11_0_arm64.whl", hash = "sha256:a120733b01c45e9a0c34aeef92bf0cf1d56cfe81ed9d47d562f9ed591a9828ac", size = 149859, upload-time = "2026-03-25T20:21:43.386Z" },
    { url = "https://files.pythonhosted.org/packages/ce/48/66341bdb858ad9bd0ceab5a86f90eddab127cf8b046418009f2125630ecb/tomli-2.4.1-cp314-cp314-manylinux2014_aarch64.manylinux_2_17_aarch64.manylinux_2_28_aarch64.whl", hash = "sha256:559db847dc486944896521f68d8190be1c9e719fced785720d2216fe7022b662", size = 244713, upload-time = "2026-03-25T20:21:44.474Z" },
    { url = "https://files.pythonhosted.org/packages/df/6d/c5fad00d82b3c7a3ab6189bd4b10e60466f22cfe8a08a9394185c8a8111c/tomli-2.4.1-cp314-cp314-manylinux2014_x86_64.manylinux_2_17_x86_64.manylinux_2_28_x86_64.whl", hash = "sha256:01f520d4f53ef97964a240a035ec2a869fe1a37dde002b57ebc4417a27ccd853", size = 252084, upload-time = "2026-03-25T20:21:45.62Z" },
    { url = "https://files.pythonhosted.org/packages/00/71/3a69e86f3eafe8c7a59d008d245888051005bd657760e96d5fbfb0b740c2/tomli-2.4.1-cp314-cp314-musllinux_1_2_aarch64.whl", hash = "sha256:7f94b27a62cfad8496c8d2513e1a222dd446f095fca8987fceef261225538a15", size = 247973, upload-time = "2026-03-25T20:21:46.937Z" },
    { url = "https://files.pythonhosted.org/packages/67/50/361e986652847fec4bd5e4a0208752fbe64689c603c7ae5ea7cb16b1c0ca/tomli-2.4.1-cp314-cp314-musllinux_1_2_x86_64.whl", hash = "sha256:ede3e6487c5ef5d28634ba3f31f989030ad6af71edfb0055cbbd14189ff240ba", size = 256223, upload-time = "2026-03-25T20:21:48.467Z" },
    { url = "https://files.pythonhosted.org/packages/8c/9a/b4173689a9203472e5467217e0154b00e260621caa227b6fa01feab16998/tomli-2.4.1-cp314-cp314-win32.whl", hash = "sha256:3d48a93ee1c9b79c04bb38772ee1b64dcf18ff43085896ea460ca8dec96f35f6", size = 98973, upload-time = "2026-03-25T20:21:49.526Z" },
    { url = "https://files.pythonhosted.org/packages/14/58/640ac93bf230cd27d002462c9af0d837779f8773bc03dee06b5835208214/tomli-2.4.1-cp314-cp314-win_amd64.whl", hash = "sha256:88dceee75c2c63af144e456745e10101eb67361050196b0b6af5d717254dddf7", size = 109082, upload-time = "2026-03-25T20:21:50.506Z" },
    { url = "https://files.pythonhosted.org/packages/d5/2f/702d5e05b227401c1068f0d386d79a589bb12bf64c3d2c72ce0631e3bc49/tomli-2.4.1-cp314-cp314-win_arm64.whl", hash = "sha256:b8c198f8c1805dc42708689ed6864951fd2494f924149d3e4bce7710f8eb5232", size = 96490, upload-time = "2026-03-25T20:21:51.474Z" },
    { url = "https://files.pythonhosted.org/packages/45/4b/b877b05c8ba62927d9865dd980e34a755de541eb65fffba52b4cc495d4d2/tomli-2.4.1-cp314-cp314t-macosx_10_15_x86_64.whl", hash = "sha256:d4d8fe59808a54658fcc0160ecfb1b30f9089906c50b23bcb4c69eddc19ec2b4", size = 164263, upload-time = "2026-03-25T20:21:52.543Z" },
    { url = "https://files.pythonhosted.org/packages/24/79/6ab420d37a270b89f7195dec5448f79400d9e9c1826df982f3f8e97b24fd/tomli-2.4.1-cp314-cp314t-macosx_11_0_arm64.whl", hash = "sha256:7008df2e7655c495dd12d2a4ad038ff878d4ca4b81fccaf82b714e07eae4402c", size = 160736, upload-time = "2026-03-25T20:21:53.674Z" },
    { url = "https://files.pythonhosted.org/packages/02/e0/3630057d8eb170310785723ed5adcdfb7d50cb7e6455f85ba8a3deed642b/tomli-2.4.1-cp314-cp314t-manylinux2014_aarch64.manylinux_2_17_aarch64.manylinux_2_28_aarch64.whl", hash = "sha256:1d8591993e228b0c930c4bb0db464bdad97b3289fb981255d6c9a41aedc84b2d", size = 270717, upload-time = "2026-03-25T20:21:55.129Z" },
    { url = "https://files.pythonhosted.org/packages/7a/b4/1613716072e544d1a7891f548d8f9ec6ce2faf42ca65acae01d76ea06bb0/tomli-2.4.1-cp314-cp314t-manylinux2014_x86_64.manylinux_2_17_x86_64.manylinux_2_28_x86_64.whl", hash = "sha256:734e20b57ba95624ecf1841e72b53f6e186355e216e5412de414e3c51e5e3c41", size = 278461, upload-time = "2026-03-25T20:21:56.228Z" },
    { url = "https://files.pythonhosted.org/packages/05/38/30f541baf6a3f6df77b3df16b01ba319221389e2da59427e221ef417ac0c/tomli-2.4.1-cp314-cp314t-musllinux_1_2_aarch64.whl", hash = "sha256:8a650c2dbafa08d42e51ba0b62740dae4ecb9338eefa093aa5c78ceb546fcd5c", size = 274855, upload-time = "2026-03-25T20:21:57.653Z" },
    { url = "https://files.pythonhosted.org/packages/77/a3/ec9dd4fd2c38e98de34223b995a3b34813e6bdadf86c75314c928350ed14/tomli-2.4.1-cp314-cp314t-musllinux_1_2_x86_64.whl", hash = "sha256:504aa796fe0569bb43171066009ead363de03675276d2d121ac1a4572397870f", size = 283144, upload-time = "2026-03-25T20:21:59.089Z" },
    { url = "https://files.pythonhosted.org/packages/ef/be/605a6261cac79fba2ec0c9827e986e00323a1945700969b8ee0b30d85453/tomli-2.4.1-cp314-cp314t-win32.whl", hash = "sha256:b1d22e6e9387bf4739fbe23bfa80e93f6b0373a7f1b96c6227c32bef95a4d7a8", size = 108683, upload-time = "2026-03-25T20:22:00.214Z" },
    { url = "https://files.pythonhosted.org/packages/12/64/da524626d3b9cc40c168a13da8335fe1c51be12c0a63685cc6db7308daae/tomli-2.4.1-cp314-cp314t-win_amd64.whl", hash = "sha256:2c1c351919aca02858f740c6d33adea0c5deea37f9ecca1cc1ef9e884a619d26", size = 121196, upload-time = "2026-03-25T20:22:01.169Z" },
    { url = "https://files.pythonhosted.org/packages/5a/cd/e80b62269fc78fc36c9af5a6b89c835baa8af28ff5ad28c7028d60860320/tomli-2.4.1-cp314-cp314t-win_arm64.whl", hash = "sha256:eab21f45c7f66c13f2a9e0e1535309cee140182a9cdae1e041d02e47291e8396", size = 100393, upload-time = "2026-03-25T20:22:02.137Z" },
    { url = "https://files.pythonhosted.org/packages/7b/61/cceae43728b7de99d9b847560c262873a1f6c98202171fd5ed62640b494b/tomli-2.4.1-py3-none-any.whl", hash = "sha256:0d85819802132122da43cb86656f8d1f8c6587d54ae7dcaf30e90533028b49fe", size = 14583, upload-time = "2026-03-25T20:22:03.012Z" },
]

[[package]]
name = "typing-extensions"
version = "4.16.0"
source = { registry = "https://pypi.org/simple" }
sdist = { url = "https://files.pythonhosted.org/packages/f6/cc/6253133b5bb138fc3306cebfbda2c520f545d36b5be2c7255cc528bb45d6/typing_extensions-4.16.0.tar.gz", hash = "sha256:dc983d19a509c94dba722ee6abd33940f7c05a89e243c47e907eb4db6f1a43e5", size = 113555, upload-time = "2026-07-02T08:40:05.92Z" }
wheels = [
    { url = "https://files.pythonhosted.org/packages/49/d3/b8441a820a491ddfc024b0b0cf0393375b75ea13866d9c66727e54c2fc80/typing_extensions-4.16.0-py3-none-any.whl", hash = "sha256:481caa481374e813c1b176ada14e97f1f67a4539ce9cfeb3f350d78d6370c2e8", size = 45571, upload-time = "2026-07-02T08:40:04.659Z" },
]
